
Microsoft Visual Studio Solution File, Format Version 12.00
# Visual Studio 15
VisualStudioVersion = 15.0.26403.7
MinimumVisualStudioVersion = 10.0.40219.1
Project("{FAE04EC0-301F-11D3-BF4B-00C04F79EFBC}") = "DAL", "DAL\DAL.csproj", "{407F355E-2476-4DF9-A086-2AE026C5DB2B}"
EndProject
Project("{FAE04EC0-301F-11D3-BF4B-00C04F79EFBC}") = "Infrastracture", "Infrastracture\Infrastracture.csproj", "{F4DCAC05-69A0-4224-A6AD-46A5F93583CF}"
EndProject
Project("{FAE04EC0-301F-11D3-BF4B-00C04F79EFBC}") = "Services", "Services\Services.csproj", "{0C1FDAE9-3645-435C-9889-301E18823F69}"
EndProject
Project("{FAE04EC0-301F-11D3-BF4B-00C04F79EFBC}") = "OAuth", "OAuth\OAuth.csproj", "{E985F3CD-24B9-4586-8A64-8A0EC889D7F7}"
EndProject
Project("{FAE04EC0-301F-11D3-BF4B-00C04F79EFBC}") = "ApiInfrastracture", "ApiInfrastracture\ApiInfrastracture.csproj", "{582E62AA-646B-49BB-9D94-5DDE9ED1A773}"
EndProject
Project("{FAE04EC0-301F-11D3-BF4B-00C04F79EFBC}") = "Domain", "Domain\Domain.csproj", "{69FCECDF-4AB5-4EC3-B7B7-7F7CBA82BA2A}"
EndProject
Project("{FAE04EC0-301F-11D3-BF4B-00C04F79EFBC}") = "Core", "Core\Core.csproj", "{72026965-E4D6-48FF-B0B7-8C33A0C18CE2}"
EndProject
Project("{FAE04EC0-301F-11D3-BF4B-00C04F79EFBC}") = "Database", "Database\Database.csproj", "{A5D9E8BE-5F5B-435A-B291-835089996388}"
EndProject
Project("{FAE04EC0-301F-11D3-BF4B-00C04F79EFBC}") = "Communication", "Communication\Communication.csproj", "{330ED4A9-9213-4C10-BAC5-1768DE12F9E2}"
EndProject
Project("{FAE04EC0-301F-11D3-BF4B-00C04F79EFBC}") = "senseGridApi", "senseGridApi\senseGridApi.csproj", "{2E105A5E-92E1-4466-9427-49E48FA16C52}"
EndProject
Global
	GlobalSection(SolutionConfigurationPlatforms) = preSolution
		Debug|Any CPU = Debug|Any CPU
		Release|Any CPU = Release|Any CPU
		Debug|iPhoneSimulator = Debug|iPhoneSimulator
		Release|iPhone = Release|iPhone
		Release|iPhoneSimulator = Release|iPhoneSimulator
		Debug|iPhone = Debug|iPhone
	EndGlobalSection
	GlobalSection(ProjectConfigurationPlatforms) = postSolution
		{407F355E-2476-4DF9-A086-2AE026C5DB2B}.Debug|Any CPU.ActiveCfg = Debug|Any CPU
		{407F355E-2476-4DF9-A086-2AE026C5DB2B}.Debug|Any CPU.Build.0 = Debug|Any CPU
		{407F355E-2476-4DF9-A086-2AE026C5DB2B}.Release|Any CPU.ActiveCfg = Release|Any CPU
		{407F355E-2476-4DF9-A086-2AE026C5DB2B}.Release|Any CPU.Build.0 = Release|Any CPU
		{407F355E-2476-4DF9-A086-2AE026C5DB2B}.Debug|iPhoneSimulator.ActiveCfg = Debug|Any CPU
		{407F355E-2476-4DF9-A086-2AE026C5DB2B}.Debug|iPhoneSimulator.Build.0 = Debug|Any CPU
		{407F355E-2476-4DF9-A086-2AE026C5DB2B}.Release|iPhone.ActiveCfg = Release|Any CPU
		{407F355E-2476-4DF9-A086-2AE026C5DB2B}.Release|iPhone.Build.0 = Release|Any CPU
		{407F355E-2476-4DF9-A086-2AE026C5DB2B}.Release|iPhoneSimulator.ActiveCfg = Release|Any CPU
		{407F355E-2476-4DF9-A086-2AE026C5DB2B}.Release|iPhoneSimulator.Build.0 = Release|Any CPU
		{407F355E-2476-4DF9-A086-2AE026C5DB2B}.Debug|iPhone.ActiveCfg = Debug|Any CPU
		{407F355E-2476-4DF9-A086-2AE026C5DB2B}.Debug|iPhone.Build.0 = Debug|Any CPU
		{F4DCAC05-69A0-4224-A6AD-46A5F93583CF}.Debug|Any CPU.ActiveCfg = Debug|Any CPU
		{F4DCAC05-69A0-4224-A6AD-46A5F93583CF}.Debug|Any CPU.Build.0 = Debug|Any CPU
		{F4DCAC05-69A0-4224-A6AD-46A5F93583CF}.Release|Any CPU.ActiveCfg = Release|Any CPU
		{F4DCAC05-69A0-4224-A6AD-46A5F93583CF}.Release|Any CPU.Build.0 = Release|Any CPU
		{F4DCAC05-69A0-4224-A6AD-46A5F93583CF}.Debug|iPhoneSimulator.ActiveCfg = Debug|Any CPU
		{F4DCAC05-69A0-4224-A6AD-46A5F93583CF}.Debug|iPhoneSimulator.Build.0 = Debug|Any CPU
		{F4DCAC05-69A0-4224-A6AD-46A5F93583CF}.Release|iPhone.ActiveCfg = Release|Any CPU
		{F4DCAC05-69A0-4224-A6AD-46A5F93583CF}.Release|iPhone.Build.0 = Release|Any CPU
		{F4DCAC05-69A0-4224-A6AD-46A5F93583CF}.Release|iPhoneSimulator.ActiveCfg = Release|Any CPU
		{F4DCAC05-69A0-4224-A6AD-46A5F93583CF}.Release|iPhoneSimulator.Build.0 = Release|Any CPU
		{F4DCAC05-69A0-4224-A6AD-46A5F93583CF}.Debug|iPhone.ActiveCfg = Debug|Any CPU
		{F4DCAC05-69A0-4224-A6AD-46A5F93583CF}.Debug|iPhone.Build.0 = Debug|Any CPU
		{0C1FDAE9-3645-435C-9889-301E18823F69}.Debug|Any CPU.ActiveCfg = Debug|Any CPU
		{0C1FDAE9-3645-435C-9889-301E18823F69}.Debug|Any CPU.Build.0 = Debug|Any CPU
		{0C1FDAE9-3645-435C-9889-301E18823F69}.Release|Any CPU.ActiveCfg = Release|Any CPU
		{0C1FDAE9-3645-435C-9889-301E18823F69}.Release|Any CPU.Build.0 = Release|Any CPU
		{0C1FDAE9-3645-435C-9889-301E18823F69}.Debug|iPhoneSimulator.ActiveCfg = Debug|Any CPU
		{0C1FDAE9-3645-435C-9889-301E18823F69}.Debug|iPhoneSimulator.Build.0 = Debug|Any CPU
		{0C1FDAE9-3645-435C-9889-301E18823F69}.Release|iPhone.ActiveCfg = Release|Any CPU
		{0C1FDAE9-3645-435C-9889-301E18823F69}.Release|iPhone.Build.0 = Release|Any CPU
		{0C1FDAE9-3645-435C-9889-301E18823F69}.Release|iPhoneSimulator.ActiveCfg = Release|Any CPU
		{0C1FDAE9-3645-435C-9889-301E18823F69}.Release|iPhoneSimulator.Build.0 = Release|Any CPU
		{0C1FDAE9-3645-435C-9889-301E18823F69}.Debug|iPhone.ActiveCfg = Debug|Any CPU
		{0C1FDAE9-3645-435C-9889-301E18823F69}.Debug|iPhone.Build.0 = Debug|Any CPU
		{E985F3CD-24B9-4586-8A64-8A0EC889D7F7}.Debug|Any CPU.ActiveCfg = Debug|Any CPU
		{E985F3CD-24B9-4586-8A64-8A0EC889D7F7}.Debug|Any CPU.Build.0 = Debug|Any CPU
		{E985F3CD-24B9-4586-8A64-8A0EC889D7F7}.Release|Any CPU.ActiveCfg = Release|Any CPU
		{E985F3CD-24B9-4586-8A64-8A0EC889D7F7}.Release|Any CPU.Build.0 = Release|Any CPU
		{E985F3CD-24B9-4586-8A64-8A0EC889D7F7}.Debug|iPhoneSimulator.ActiveCfg = Debug|Any CPU
		{E985F3CD-24B9-4586-8A64-8A0EC889D7F7}.Debug|iPhoneSimulator.Build.0 = Debug|Any CPU
		{E985F3CD-24B9-4586-8A64-8A0EC889D7F7}.Release|iPhone.ActiveCfg = Release|Any CPU
		{E985F3CD-24B9-4586-8A64-8A0EC889D7F7}.Release|iPhone.Build.0 = Release|Any CPU
		{E985F3CD-24B9-4586-8A64-8A0EC889D7F7}.Release|iPhoneSimulator.ActiveCfg = Release|Any CPU
		{E985F3CD-24B9-4586-8A64-8A0EC889D7F7}.Release|iPhoneSimulator.Build.0 = Release|Any CPU
		{E985F3CD-24B9-4586-8A64-8A0EC889D7F7}.Debug|iPhone.ActiveCfg = Debug|Any CPU
		{E985F3CD-24B9-4586-8A64-8A0EC889D7F7}.Debug|iPhone.Build.0 = Debug|Any CPU
		{582E62AA-646B-49BB-9D94-5DDE9ED1A773}.Debug|Any CPU.ActiveCfg = Debug|Any CPU
		{582E62AA-646B-49BB-9D94-5DDE9ED1A773}.Debug|Any CPU.Build.0 = Debug|Any CPU
		{582E62AA-646B-49BB-9D94-5DDE9ED1A773}.Release|Any CPU.ActiveCfg = Release|Any CPU
		{582E62AA-646B-49BB-9D94-5DDE9ED1A773}.Release|Any CPU.Build.0 = Release|Any CPU
		{582E62AA-646B-49BB-9D94-5DDE9ED1A773}.Debug|iPhoneSimulator.ActiveCfg = Debug|Any CPU
		{582E62AA-646B-49BB-9D94-5DDE9ED1A773}.Debug|iPhoneSimulator.Build.0 = Debug|Any CPU
		{582E62AA-646B-49BB-9D94-5DDE9ED1A773}.Release|iPhone.ActiveCfg = Release|Any CPU
		{582E62AA-646B-49BB-9D94-5DDE9ED1A773}.Release|iPhone.Build.0 = Release|Any CPU
		{582E62AA-646B-49BB-9D94-5DDE9ED1A773}.Release|iPhoneSimulator.ActiveCfg = Release|Any CPU
		{582E62AA-646B-49BB-9D94-5DDE9ED1A773}.Release|iPhoneSimulator.Build.0 = Release|Any CPU
		{582E62AA-646B-49BB-9D94-5DDE9ED1A773}.Debug|iPhone.ActiveCfg = Debug|Any CPU
		{582E62AA-646B-49BB-9D94-5DDE9ED1A773}.Debug|iPhone.Build.0 = Debug|Any CPU
		{69FCECDF-4AB5-4EC3-B7B7-7F7CBA82BA2A}.Debug|Any CPU.ActiveCfg = Debug|Any CPU
		{69FCECDF-4AB5-4EC3-B7B7-7F7CBA82BA2A}.Debug|Any CPU.Build.0 = Debug|Any CPU
		{69FCECDF-4AB5-4EC3-B7B7-7F7CBA82BA2A}.Release|Any CPU.ActiveCfg = Release|Any CPU
		{69FCECDF-4AB5-4EC3-B7B7-7F7CBA82BA2A}.Release|Any CPU.Build.0 = Release|Any CPU
		{69FCECDF-4AB5-4EC3-B7B7-7F7CBA82BA2A}.Debug|iPhoneSimulator.ActiveCfg = Debug|Any CPU
		{69FCECDF-4AB5-4EC3-B7B7-7F7CBA82BA2A}.Debug|iPhoneSimulator.Build.0 = Debug|Any CPU
		{69FCECDF-4AB5-4EC3-B7B7-7F7CBA82BA2A}.Release|iPhone.ActiveCfg = Release|Any CPU
		{69FCECDF-4AB5-4EC3-B7B7-7F7CBA82BA2A}.Release|iPhone.Build.0 = Release|Any CPU
		{69FCECDF-4AB5-4EC3-B7B7-7F7CBA82BA2A}.Release|iPhoneSimulator.ActiveCfg = Release|Any CPU
		{69FCECDF-4AB5-4EC3-B7B7-7F7CBA82BA2A}.Release|iPhoneSimulator.Build.0 = Release|Any CPU
		{69FCECDF-4AB5-4EC3-B7B7-7F7CBA82BA2A}.Debug|iPhone.ActiveCfg = Debug|Any CPU
		{69FCECDF-4AB5-4EC3-B7B7-7F7CBA82BA2A}.Debug|iPhone.Build.0 = Debug|Any CPU
		{72026965-E4D6-48FF-B0B7-8C33A0C18CE2}.Debug|Any CPU.ActiveCfg = Debug|Any CPU
		{72026965-E4D6-48FF-B0B7-8C33A0C18CE2}.Debug|Any CPU.Build.0 = Debug|Any CPU
		{72026965-E4D6-48FF-B0B7-8C33A0C18CE2}.Release|Any CPU.ActiveCfg = Release|Any CPU
		{72026965-E4D6-48FF-B0B7-8C33A0C18CE2}.Release|Any CPU.Build.0 = Release|Any CPU
		{72026965-E4D6-48FF-B0B7-8C33A0C18CE2}.Debug|iPhoneSimulator.ActiveCfg = Debug|Any CPU
		{72026965-E4D6-48FF-B0B7-8C33A0C18CE2}.Debug|iPhoneSimulator.Build.0 = Debug|Any CPU
		{72026965-E4D6-48FF-B0B7-8C33A0C18CE2}.Release|iPhone.ActiveCfg = Release|Any CPU
		{72026965-E4D6-48FF-B0B7-8C33A0C18CE2}.Release|iPhone.Build.0 = Release|Any CPU
		{72026965-E4D6-48FF-B0B7-8C33A0C18CE2}.Release|iPhoneSimulator.ActiveCfg = Release|Any CPU
		{72026965-E4D6-48FF-B0B7-8C33A0C18CE2}.Release|iPhoneSimulator.Build.0 = Release|Any CPU
		{72026965-E4D6-48FF-B0B7-8C33A0C18CE2}.Debug|iPhone.ActiveCfg = Debug|Any CPU
		{72026965-E4D6-48FF-B0B7-8C33A0C18CE2}.Debug|iPhone.Build.0 = Debug|Any CPU
		{A5D9E8BE-5F5B-435A-B291-835089996388}.Debug|Any CPU.ActiveCfg = Debug|Any CPU
		{A5D9E8BE-5F5B-435A-B291-835089996388}.Debug|Any CPU.Build.0 = Debug|Any CPU
		{A5D9E8BE-5F5B-435A-B291-835089996388}.Release|Any CPU.ActiveCfg = Release|Any CPU
		{A5D9E8BE-5F5B-435A-B291-835089996388}.Release|Any CPU.Build.0 = Release|Any CPU
		{A5D9E8BE-5F5B-435A-B291-835089996388}.Debug|iPhoneSimulator.ActiveCfg = Debug|Any CPU
		{A5D9E8BE-5F5B-435A-B291-835089996388}.Debug|iPhoneSimulator.Build.0 = Debug|Any CPU
		{A5D9E8BE-5F5B-435A-B291-835089996388}.Release|iPhone.ActiveCfg = Release|Any CPU
		{A5D9E8BE-5F5B-435A-B291-835089996388}.Release|iPhone.Build.0 = Release|Any CPU
		{A5D9E8BE-5F5B-435A-B291-835089996388}.Release|iPhoneSimulator.ActiveCfg = Release|Any CPU
		{A5D9E8BE-5F5B-435A-B291-835089996388}.Release|iPhoneSimulator.Build.0 = Release|Any CPU
		{A5D9E8BE-5F5B-435A-B291-835089996388}.Debug|iPhone.ActiveCfg = Debug|Any CPU
		{A5D9E8BE-5F5B-435A-B291-835089996388}.Debug|iPhone.Build.0 = Debug|Any CPU
		{330ED4A9-9213-4C10-BAC5-1768DE12F9E2}.Debug|Any CPU.ActiveCfg = Debug|Any CPU
		{330ED4A9-9213-4C10-BAC5-1768DE12F9E2}.Debug|Any CPU.Build.0 = Debug|Any CPU
		{330ED4A9-9213-4C10-BAC5-1768DE12F9E2}.Release|Any CPU.ActiveCfg = Release|Any CPU
		{330ED4A9-9213-4C10-BAC5-1768DE12F9E2}.Release|Any CPU.Build.0 = Release|Any CPU
		{330ED4A9-9213-4C10-BAC5-1768DE12F9E2}.Debug|iPhoneSimulator.ActiveCfg = Debug|Any CPU
		{330ED4A9-9213-4C10-BAC5-1768DE12F9E2}.Debug|iPhoneSimulator.Build.0 = Debug|Any CPU
		{330ED4A9-9213-4C10-BAC5-1768DE12F9E2}.Release|iPhone.ActiveCfg = Release|Any CPU
		{330ED4A9-9213-4C10-BAC5-1768DE12F9E2}.Release|iPhone.Build.0 = Release|Any CPU
		{330ED4A9-9213-4C10-BAC5-1768DE12F9E2}.Release|iPhoneSimulator.ActiveCfg = Release|Any CPU
		{330ED4A9-9213-4C10-BAC5-1768DE12F9E2}.Release|iPhoneSimulator.Build.0 = Release|Any CPU
		{330ED4A9-9213-4C10-BAC5-1768DE12F9E2}.Debug|iPhone.ActiveCfg = Debug|Any CPU
		{330ED4A9-9213-4C10-BAC5-1768DE12F9E2}.Debug|iPhone.Build.0 = Debug|Any CPU
		{2E105A5E-92E1-4466-9427-49E48FA16C52}.Debug|Any CPU.ActiveCfg = Debug|Any CPU
		{2E105A5E-92E1-4466-9427-49E48FA16C52}.Debug|Any CPU.Build.0 = Debug|Any CPU
		{2E105A5E-92E1-4466-9427-49E48FA16C52}.Release|Any CPU.ActiveCfg = Release|Any CPU
		{2E105A5E-92E1-4466-9427-49E48FA16C52}.Release|Any CPU.Build.0 = Release|Any CPU
		{2E105A5E-92E1-4466-9427-49E48FA16C52}.Debug|iPhoneSimulator.ActiveCfg = Debug|Any CPU
		{2E105A5E-92E1-4466-9427-49E48FA16C52}.Debug|iPhoneSimulator.Build.0 = Debug|Any CPU
		{2E105A5E-92E1-4466-9427-49E48FA16C52}.Release|iPhone.ActiveCfg = Release|Any CPU
		{2E105A5E-92E1-4466-9427-49E48FA16C52}.Release|iPhone.Build.0 = Release|Any CPU
		{2E105A5E-92E1-4466-9427-49E48FA16C52}.Release|iPhoneSimulator.ActiveCfg = Release|Any CPU
		{2E105A5E-92E1-4466-9427-49E48FA16C52}.Release|iPhoneSimulator.Build.0 = Release|Any CPU
		{2E105A5E-92E1-4466-9427-49E48FA16C52}.Debug|iPhone.ActiveCfg = Debug|Any CPU
		{2E105A5E-92E1-4466-9427-49E48FA16C52}.Debug|iPhone.Build.0 = Debug|Any CPU
	EndGlobalSection
	GlobalSection(SolutionProperties) = preSolution
		HideSolutionNode = FALSE
	EndGlobalSection
	GlobalSection(MonoDevelopProperties) = preSolution
		Policies = $0
		$0.DotNetNamingPolicy = $1
		$1.DirectoryNamespaceAssociation = PrefixedHierarchical
		$0.TextStylePolicy = $2
		$2.inheritsSet = null
		$2.scope = text/x-csharp
		$0.CSharpFormattingPolicy = $3
		$3.scope = text/x-csharp
	EndGlobalSection
EndGlobal
