
Microsoft Visual Studio Solution File, Format Version 12.00
# Visual Studio 15
VisualStudioVersion = 15.0.26403.7
MinimumVisualStudioVersion = 10.0.40219.1
Project("{FAE04EC0-301F-11D3-BF4B-00C04F79EFBC}") = "DAL", "DAL\DAL.csproj", "{407F355E-2476-4DF9-A086-2AE026C5DB2B}"
EndProject
Project("{FAE04EC0-301F-11D3-BF4B-00C04F79EFBC}") = "Infrastracture", "Infrastracture\Infrastracture.csproj", "{F4DCAC05-69A0-4224-A6AD-46A5F93583CF}"
EndProject
Project("{FAE04EC0-301F-11D3-BF4B-00C04F79EFBC}") = "Services", "Services\Services.csproj", "{0C1FDAE9-3645-435C-9889-301E18823F69}"
EndProject
Project("{FAE04EC0-301F-11D3-BF4B-00C04F79EFBC}") = "OAuth", "OAuth\OAuth.csproj", "{E985F3CD-24B9-4586-8A64-8A0EC889D7F7}"
EndProject
Project("{FAE04EC0-301F-11D3-BF4B-00C04F79EFBC}") = "ApiInfrastracture", "ApiInfrastracture\ApiInfrastracture.csproj", "{582E62AA-646B-49BB-9D94-5DDE9ED1A773}"
EndProject
Project("{FAE04EC0-301F-11D3-BF4B-00C04F79EFBC}") = "IotDomain", "Domain\IotDomain.csproj", "{69FCECDF-4AB5-4EC3-B7B7-7F7CBA82BA2A}"
EndProject
Project("{FAE04EC0-301F-11D3-BF4B-00C04F79EFBC}") = "Core", "Core\Core.csproj", "{72026965-E4D6-48FF-B0B7-8C33A0C18CE2}"
EndProject
Project("{FAE04EC0-301F-11D3-BF4B-00C04F79EFBC}") = "Database", "Database\Database.csproj", "{A5D9E8BE-5F5B-435A-B291-835089996388}"
EndProject
Project("{FAE04EC0-301F-11D3-BF4B-00C04F79EFBC}") = "Communication", "Communication\Communication.csproj", "{330ED4A9-9213-4C10-BAC5-1768DE12F9E2}"
EndProject
Project("{FAE04EC0-301F-11D3-BF4B-00C04F79EFBC}") = "senseGridApi", "senseGridApi\senseGridApi.csproj", "{2E105A5E-92E1-4466-9427-49E48FA16C52}"
EndProject
Project("{FAE04EC0-301F-11D3-BF4B-00C04F79EFBC}") = "Dashboard", "Dashboard\Dashboard.csproj", "{8F11D3DD-0BDB-4991-81E2-AF6A11B07EE6}"
EndProject
Project("{FAE04EC0-301F-11D3-BF4B-00C04F79EFBC}") = "Authentication", "Authentication\Authentication.csproj", "{D4DC1B70-5A4C-4015-B7A5-35A6CAC2B8D4}"
EndProject
Project("{2150E333-8FDC-42A3-9474-1A3956D46DE8}") = "Infrastructure", "Infrastructure", "{956922D6-915F-4946-B8B9-91F8640739FF}"
EndProject
Project("{2150E333-8FDC-42A3-9474-1A3956D46DE8}") = "Services", "Services", "{A04A0E2A-A55B-4480-848D-18DCF52E4ADE}"
EndProject
Project("{2150E333-8FDC-42A3-9474-1A3956D46DE8}") = "Data", "Data", "{C74D4F78-A609-44BA-BDB1-265A8F2AAAC2}"
EndProject
Project("{2150E333-8FDC-42A3-9474-1A3956D46DE8}") = "App", "App", "{AFD78297-A3F9-456A-A7AB-BA7E9E5D589F}"
EndProject
Project("{2150E333-8FDC-42A3-9474-1A3956D46DE8}") = "Domain", "Domain", "{BE02D0D5-F5F3-4923-A406-7BA60E456E6A}"
EndProject
Project("{2150E333-8FDC-42A3-9474-1A3956D46DE8}") = "Tools", "Tools", "{24D9D363-8D58-4FF0-92E6-1B99457908D2}"
EndProject
Project("{FAE04EC0-301F-11D3-BF4B-00C04F79EFBC}") = "ConfigurationTools", "ConfigurationTools\ConfigurationTools.csproj", "{FE38DDEF-7EB3-4842-A1DC-0EC87E994412}"
EndProject
Project("{D954291E-2A0B-460D-934E-DC6B0785DB48}") = "senseGridRemote", "senseGridRemote\senseGridRemote.shproj", "{53D708E5-66AC-459B-9786-C2F1211B63D0}"
EndProject
Project("{FAE04EC0-301F-11D3-BF4B-00C04F79EFBC}") = "senseGridRemote.iOS", "iOS\senseGridRemote.iOS.csproj", "{C510B0BD-A36B-4379-8EF6-B196025391F7}"
EndProject
Project("{FAE04EC0-301F-11D3-BF4B-00C04F79EFBC}") = "senseGridRemote.Droid", "Droid\senseGridRemote.Droid.csproj", "{757DDB0E-22E2-4957-8BC8-E4185FD589EA}"
EndProject
Project("{FAE04EC0-301F-11D3-BF4B-00C04F79EFBC}") = "senseGridDeviceRuntime", "senseGridDeviceRuntime\senseGridDeviceRuntime.csproj", "{AA8A8150-3C21-45E3-882B-174E6CA0A031}"
EndProject
Project("{FAE04EC0-301F-11D3-BF4B-00C04F79EFBC}") = "IotDomainRepository", "Domain.Iot\Repository\IotDomainRepository\IotDomainRepository.csproj", "{8FE9E878-F128-4000-9D1E-40B4290F39C5}"
EndProject
Project("{FAE04EC0-301F-11D3-BF4B-00C04F79EFBC}") = "senseGridWeb", "senseGridWeb\senseGridWeb.csproj", "{9A15029B-2D23-4CDA-9DB4-AF50AF4EAE40}"
EndProject
Global
	GlobalSection(SolutionConfigurationPlatforms) = preSolution
		Debug|Any CPU = Debug|Any CPU
		Release|Any CPU = Release|Any CPU
		Debug|iPhoneSimulator = Debug|iPhoneSimulator
		Release|iPhone = Release|iPhone
		Release|iPhoneSimulator = Release|iPhoneSimulator
		Debug|iPhone = Debug|iPhone
	EndGlobalSection
	GlobalSection(ProjectConfigurationPlatforms) = postSolution
		{407F355E-2476-4DF9-A086-2AE026C5DB2B}.Debug|Any CPU.ActiveCfg = Debug|Any CPU
		{407F355E-2476-4DF9-A086-2AE026C5DB2B}.Debug|Any CPU.Build.0 = Debug|Any CPU
		{407F355E-2476-4DF9-A086-2AE026C5DB2B}.Release|Any CPU.ActiveCfg = Release|Any CPU
		{407F355E-2476-4DF9-A086-2AE026C5DB2B}.Release|Any CPU.Build.0 = Release|Any CPU
		{407F355E-2476-4DF9-A086-2AE026C5DB2B}.Debug|iPhoneSimulator.ActiveCfg = Debug|Any CPU
		{407F355E-2476-4DF9-A086-2AE026C5DB2B}.Debug|iPhoneSimulator.Build.0 = Debug|Any CPU
		{407F355E-2476-4DF9-A086-2AE026C5DB2B}.Release|iPhone.ActiveCfg = Release|Any CPU
		{407F355E-2476-4DF9-A086-2AE026C5DB2B}.Release|iPhone.Build.0 = Release|Any CPU
		{407F355E-2476-4DF9-A086-2AE026C5DB2B}.Release|iPhoneSimulator.ActiveCfg = Release|Any CPU
		{407F355E-2476-4DF9-A086-2AE026C5DB2B}.Release|iPhoneSimulator.Build.0 = Release|Any CPU
		{407F355E-2476-4DF9-A086-2AE026C5DB2B}.Debug|iPhone.ActiveCfg = Debug|Any CPU
		{407F355E-2476-4DF9-A086-2AE026C5DB2B}.Debug|iPhone.Build.0 = Debug|Any CPU
		{F4DCAC05-69A0-4224-A6AD-46A5F93583CF}.Debug|Any CPU.ActiveCfg = Debug|Any CPU
		{F4DCAC05-69A0-4224-A6AD-46A5F93583CF}.Debug|Any CPU.Build.0 = Debug|Any CPU
		{F4DCAC05-69A0-4224-A6AD-46A5F93583CF}.Release|Any CPU.ActiveCfg = Release|Any CPU
		{F4DCAC05-69A0-4224-A6AD-46A5F93583CF}.Release|Any CPU.Build.0 = Release|Any CPU
		{F4DCAC05-69A0-4224-A6AD-46A5F93583CF}.Debug|iPhoneSimulator.ActiveCfg = Debug|Any CPU
		{F4DCAC05-69A0-4224-A6AD-46A5F93583CF}.Debug|iPhoneSimulator.Build.0 = Debug|Any CPU
		{F4DCAC05-69A0-4224-A6AD-46A5F93583CF}.Release|iPhone.ActiveCfg = Release|Any CPU
		{F4DCAC05-69A0-4224-A6AD-46A5F93583CF}.Release|iPhone.Build.0 = Release|Any CPU
		{F4DCAC05-69A0-4224-A6AD-46A5F93583CF}.Release|iPhoneSimulator.ActiveCfg = Release|Any CPU
		{F4DCAC05-69A0-4224-A6AD-46A5F93583CF}.Release|iPhoneSimulator.Build.0 = Release|Any CPU
		{F4DCAC05-69A0-4224-A6AD-46A5F93583CF}.Debug|iPhone.ActiveCfg = Debug|Any CPU
		{F4DCAC05-69A0-4224-A6AD-46A5F93583CF}.Debug|iPhone.Build.0 = Debug|Any CPU
		{0C1FDAE9-3645-435C-9889-301E18823F69}.Debug|Any CPU.ActiveCfg = Debug|Any CPU
		{0C1FDAE9-3645-435C-9889-301E18823F69}.Debug|Any CPU.Build.0 = Debug|Any CPU
		{0C1FDAE9-3645-435C-9889-301E18823F69}.Release|Any CPU.ActiveCfg = Release|Any CPU
		{0C1FDAE9-3645-435C-9889-301E18823F69}.Release|Any CPU.Build.0 = Release|Any CPU
		{0C1FDAE9-3645-435C-9889-301E18823F69}.Debug|iPhoneSimulator.ActiveCfg = Debug|Any CPU
		{0C1FDAE9-3645-435C-9889-301E18823F69}.Debug|iPhoneSimulator.Build.0 = Debug|Any CPU
		{0C1FDAE9-3645-435C-9889-301E18823F69}.Release|iPhone.ActiveCfg = Release|Any CPU
		{0C1FDAE9-3645-435C-9889-301E18823F69}.Release|iPhone.Build.0 = Release|Any CPU
		{0C1FDAE9-3645-435C-9889-301E18823F69}.Release|iPhoneSimulator.ActiveCfg = Release|Any CPU
		{0C1FDAE9-3645-435C-9889-301E18823F69}.Release|iPhoneSimulator.Build.0 = Release|Any CPU
		{0C1FDAE9-3645-435C-9889-301E18823F69}.Debug|iPhone.ActiveCfg = Debug|Any CPU
		{0C1FDAE9-3645-435C-9889-301E18823F69}.Debug|iPhone.Build.0 = Debug|Any CPU
		{E985F3CD-24B9-4586-8A64-8A0EC889D7F7}.Debug|Any CPU.ActiveCfg = Debug|Any CPU
		{E985F3CD-24B9-4586-8A64-8A0EC889D7F7}.Debug|Any CPU.Build.0 = Debug|Any CPU
		{E985F3CD-24B9-4586-8A64-8A0EC889D7F7}.Release|Any CPU.ActiveCfg = Release|Any CPU
		{E985F3CD-24B9-4586-8A64-8A0EC889D7F7}.Release|Any CPU.Build.0 = Release|Any CPU
		{E985F3CD-24B9-4586-8A64-8A0EC889D7F7}.Debug|iPhoneSimulator.ActiveCfg = Debug|Any CPU
		{E985F3CD-24B9-4586-8A64-8A0EC889D7F7}.Debug|iPhoneSimulator.Build.0 = Debug|Any CPU
		{E985F3CD-24B9-4586-8A64-8A0EC889D7F7}.Release|iPhone.ActiveCfg = Release|Any CPU
		{E985F3CD-24B9-4586-8A64-8A0EC889D7F7}.Release|iPhone.Build.0 = Release|Any CPU
		{E985F3CD-24B9-4586-8A64-8A0EC889D7F7}.Release|iPhoneSimulator.ActiveCfg = Release|Any CPU
		{E985F3CD-24B9-4586-8A64-8A0EC889D7F7}.Release|iPhoneSimulator.Build.0 = Release|Any CPU
		{E985F3CD-24B9-4586-8A64-8A0EC889D7F7}.Debug|iPhone.ActiveCfg = Debug|Any CPU
		{E985F3CD-24B9-4586-8A64-8A0EC889D7F7}.Debug|iPhone.Build.0 = Debug|Any CPU
		{582E62AA-646B-49BB-9D94-5DDE9ED1A773}.Debug|Any CPU.ActiveCfg = Debug|Any CPU
		{582E62AA-646B-49BB-9D94-5DDE9ED1A773}.Debug|Any CPU.Build.0 = Debug|Any CPU
		{582E62AA-646B-49BB-9D94-5DDE9ED1A773}.Release|Any CPU.ActiveCfg = Release|Any CPU
		{582E62AA-646B-49BB-9D94-5DDE9ED1A773}.Release|Any CPU.Build.0 = Release|Any CPU
		{582E62AA-646B-49BB-9D94-5DDE9ED1A773}.Debug|iPhoneSimulator.ActiveCfg = Debug|Any CPU
		{582E62AA-646B-49BB-9D94-5DDE9ED1A773}.Debug|iPhoneSimulator.Build.0 = Debug|Any CPU
		{582E62AA-646B-49BB-9D94-5DDE9ED1A773}.Release|iPhone.ActiveCfg = Release|Any CPU
		{582E62AA-646B-49BB-9D94-5DDE9ED1A773}.Release|iPhone.Build.0 = Release|Any CPU
		{582E62AA-646B-49BB-9D94-5DDE9ED1A773}.Release|iPhoneSimulator.ActiveCfg = Release|Any CPU
		{582E62AA-646B-49BB-9D94-5DDE9ED1A773}.Release|iPhoneSimulator.Build.0 = Release|Any CPU
		{582E62AA-646B-49BB-9D94-5DDE9ED1A773}.Debug|iPhone.ActiveCfg = Debug|Any CPU
		{582E62AA-646B-49BB-9D94-5DDE9ED1A773}.Debug|iPhone.Build.0 = Debug|Any CPU
		{69FCECDF-4AB5-4EC3-B7B7-7F7CBA82BA2A}.Debug|Any CPU.ActiveCfg = Debug|Any CPU
		{69FCECDF-4AB5-4EC3-B7B7-7F7CBA82BA2A}.Debug|Any CPU.Build.0 = Debug|Any CPU
		{69FCECDF-4AB5-4EC3-B7B7-7F7CBA82BA2A}.Release|Any CPU.ActiveCfg = Release|Any CPU
		{69FCECDF-4AB5-4EC3-B7B7-7F7CBA82BA2A}.Release|Any CPU.Build.0 = Release|Any CPU
		{69FCECDF-4AB5-4EC3-B7B7-7F7CBA82BA2A}.Debug|iPhoneSimulator.ActiveCfg = Debug|Any CPU
		{69FCECDF-4AB5-4EC3-B7B7-7F7CBA82BA2A}.Debug|iPhoneSimulator.Build.0 = Debug|Any CPU
		{69FCECDF-4AB5-4EC3-B7B7-7F7CBA82BA2A}.Release|iPhone.ActiveCfg = Release|Any CPU
		{69FCECDF-4AB5-4EC3-B7B7-7F7CBA82BA2A}.Release|iPhone.Build.0 = Release|Any CPU
		{69FCECDF-4AB5-4EC3-B7B7-7F7CBA82BA2A}.Release|iPhoneSimulator.ActiveCfg = Release|Any CPU
		{69FCECDF-4AB5-4EC3-B7B7-7F7CBA82BA2A}.Release|iPhoneSimulator.Build.0 = Release|Any CPU
		{69FCECDF-4AB5-4EC3-B7B7-7F7CBA82BA2A}.Debug|iPhone.ActiveCfg = Debug|Any CPU
		{69FCECDF-4AB5-4EC3-B7B7-7F7CBA82BA2A}.Debug|iPhone.Build.0 = Debug|Any CPU
		{72026965-E4D6-48FF-B0B7-8C33A0C18CE2}.Debug|Any CPU.ActiveCfg = Debug|Any CPU
		{72026965-E4D6-48FF-B0B7-8C33A0C18CE2}.Debug|Any CPU.Build.0 = Debug|Any CPU
		{72026965-E4D6-48FF-B0B7-8C33A0C18CE2}.Release|Any CPU.ActiveCfg = Release|Any CPU
		{72026965-E4D6-48FF-B0B7-8C33A0C18CE2}.Release|Any CPU.Build.0 = Release|Any CPU
		{72026965-E4D6-48FF-B0B7-8C33A0C18CE2}.Debug|iPhoneSimulator.ActiveCfg = Debug|Any CPU
		{72026965-E4D6-48FF-B0B7-8C33A0C18CE2}.Debug|iPhoneSimulator.Build.0 = Debug|Any CPU
		{72026965-E4D6-48FF-B0B7-8C33A0C18CE2}.Release|iPhone.ActiveCfg = Release|Any CPU
		{72026965-E4D6-48FF-B0B7-8C33A0C18CE2}.Release|iPhone.Build.0 = Release|Any CPU
		{72026965-E4D6-48FF-B0B7-8C33A0C18CE2}.Release|iPhoneSimulator.ActiveCfg = Release|Any CPU
		{72026965-E4D6-48FF-B0B7-8C33A0C18CE2}.Release|iPhoneSimulator.Build.0 = Release|Any CPU
		{72026965-E4D6-48FF-B0B7-8C33A0C18CE2}.Debug|iPhone.ActiveCfg = Debug|Any CPU
		{72026965-E4D6-48FF-B0B7-8C33A0C18CE2}.Debug|iPhone.Build.0 = Debug|Any CPU
		{A5D9E8BE-5F5B-435A-B291-835089996388}.Debug|Any CPU.ActiveCfg = Debug|Any CPU
		{A5D9E8BE-5F5B-435A-B291-835089996388}.Debug|Any CPU.Build.0 = Debug|Any CPU
		{A5D9E8BE-5F5B-435A-B291-835089996388}.Release|Any CPU.ActiveCfg = Release|Any CPU
		{A5D9E8BE-5F5B-435A-B291-835089996388}.Release|Any CPU.Build.0 = Release|Any CPU
		{A5D9E8BE-5F5B-435A-B291-835089996388}.Debug|iPhoneSimulator.ActiveCfg = Debug|Any CPU
		{A5D9E8BE-5F5B-435A-B291-835089996388}.Debug|iPhoneSimulator.Build.0 = Debug|Any CPU
		{A5D9E8BE-5F5B-435A-B291-835089996388}.Release|iPhone.ActiveCfg = Release|Any CPU
		{A5D9E8BE-5F5B-435A-B291-835089996388}.Release|iPhone.Build.0 = Release|Any CPU
		{A5D9E8BE-5F5B-435A-B291-835089996388}.Release|iPhoneSimulator.ActiveCfg = Release|Any CPU
		{A5D9E8BE-5F5B-435A-B291-835089996388}.Release|iPhoneSimulator.Build.0 = Release|Any CPU
		{A5D9E8BE-5F5B-435A-B291-835089996388}.Debug|iPhone.ActiveCfg = Debug|Any CPU
		{A5D9E8BE-5F5B-435A-B291-835089996388}.Debug|iPhone.Build.0 = Debug|Any CPU
		{330ED4A9-9213-4C10-BAC5-1768DE12F9E2}.Debug|Any CPU.ActiveCfg = Debug|Any CPU
		{330ED4A9-9213-4C10-BAC5-1768DE12F9E2}.Debug|Any CPU.Build.0 = Debug|Any CPU
		{330ED4A9-9213-4C10-BAC5-1768DE12F9E2}.Release|Any CPU.ActiveCfg = Release|Any CPU
		{330ED4A9-9213-4C10-BAC5-1768DE12F9E2}.Release|Any CPU.Build.0 = Release|Any CPU
		{330ED4A9-9213-4C10-BAC5-1768DE12F9E2}.Debug|iPhoneSimulator.ActiveCfg = Debug|Any CPU
		{330ED4A9-9213-4C10-BAC5-1768DE12F9E2}.Debug|iPhoneSimulator.Build.0 = Debug|Any CPU
		{330ED4A9-9213-4C10-BAC5-1768DE12F9E2}.Release|iPhone.ActiveCfg = Release|Any CPU
		{330ED4A9-9213-4C10-BAC5-1768DE12F9E2}.Release|iPhone.Build.0 = Release|Any CPU
		{330ED4A9-9213-4C10-BAC5-1768DE12F9E2}.Release|iPhoneSimulator.ActiveCfg = Release|Any CPU
		{330ED4A9-9213-4C10-BAC5-1768DE12F9E2}.Release|iPhoneSimulator.Build.0 = Release|Any CPU
		{330ED4A9-9213-4C10-BAC5-1768DE12F9E2}.Debug|iPhone.ActiveCfg = Debug|Any CPU
		{330ED4A9-9213-4C10-BAC5-1768DE12F9E2}.Debug|iPhone.Build.0 = Debug|Any CPU
		{2E105A5E-92E1-4466-9427-49E48FA16C52}.Debug|Any CPU.ActiveCfg = Debug|Any CPU
		{2E105A5E-92E1-4466-9427-49E48FA16C52}.Debug|Any CPU.Build.0 = Debug|Any CPU
		{2E105A5E-92E1-4466-9427-49E48FA16C52}.Release|Any CPU.ActiveCfg = Release|Any CPU
		{2E105A5E-92E1-4466-9427-49E48FA16C52}.Release|Any CPU.Build.0 = Release|Any CPU
		{2E105A5E-92E1-4466-9427-49E48FA16C52}.Debug|iPhoneSimulator.ActiveCfg = Debug|Any CPU
		{2E105A5E-92E1-4466-9427-49E48FA16C52}.Debug|iPhoneSimulator.Build.0 = Debug|Any CPU
		{2E105A5E-92E1-4466-9427-49E48FA16C52}.Release|iPhone.ActiveCfg = Release|Any CPU
		{2E105A5E-92E1-4466-9427-49E48FA16C52}.Release|iPhone.Build.0 = Release|Any CPU
		{2E105A5E-92E1-4466-9427-49E48FA16C52}.Release|iPhoneSimulator.ActiveCfg = Release|Any CPU
		{2E105A5E-92E1-4466-9427-49E48FA16C52}.Release|iPhoneSimulator.Build.0 = Release|Any CPU
		{2E105A5E-92E1-4466-9427-49E48FA16C52}.Debug|iPhone.ActiveCfg = Debug|Any CPU
		{2E105A5E-92E1-4466-9427-49E48FA16C52}.Debug|iPhone.Build.0 = Debug|Any CPU
		{8F11D3DD-0BDB-4991-81E2-AF6A11B07EE6}.Debug|Any CPU.ActiveCfg = Debug|Any CPU
		{8F11D3DD-0BDB-4991-81E2-AF6A11B07EE6}.Debug|Any CPU.Build.0 = Debug|Any CPU
		{8F11D3DD-0BDB-4991-81E2-AF6A11B07EE6}.Release|Any CPU.ActiveCfg = Release|Any CPU
		{8F11D3DD-0BDB-4991-81E2-AF6A11B07EE6}.Release|Any CPU.Build.0 = Release|Any CPU
		{8F11D3DD-0BDB-4991-81E2-AF6A11B07EE6}.Debug|iPhoneSimulator.ActiveCfg = Debug|Any CPU
		{8F11D3DD-0BDB-4991-81E2-AF6A11B07EE6}.Debug|iPhoneSimulator.Build.0 = Debug|Any CPU
		{8F11D3DD-0BDB-4991-81E2-AF6A11B07EE6}.Release|iPhone.ActiveCfg = Release|Any CPU
		{8F11D3DD-0BDB-4991-81E2-AF6A11B07EE6}.Release|iPhone.Build.0 = Release|Any CPU
		{8F11D3DD-0BDB-4991-81E2-AF6A11B07EE6}.Release|iPhoneSimulator.ActiveCfg = Release|Any CPU
		{8F11D3DD-0BDB-4991-81E2-AF6A11B07EE6}.Release|iPhoneSimulator.Build.0 = Release|Any CPU
		{8F11D3DD-0BDB-4991-81E2-AF6A11B07EE6}.Debug|iPhone.ActiveCfg = Debug|Any CPU
		{8F11D3DD-0BDB-4991-81E2-AF6A11B07EE6}.Debug|iPhone.Build.0 = Debug|Any CPU
		{D4DC1B70-5A4C-4015-B7A5-35A6CAC2B8D4}.Debug|Any CPU.ActiveCfg = Debug|Any CPU
		{D4DC1B70-5A4C-4015-B7A5-35A6CAC2B8D4}.Debug|Any CPU.Build.0 = Debug|Any CPU
		{D4DC1B70-5A4C-4015-B7A5-35A6CAC2B8D4}.Release|Any CPU.ActiveCfg = Release|Any CPU
		{D4DC1B70-5A4C-4015-B7A5-35A6CAC2B8D4}.Release|Any CPU.Build.0 = Release|Any CPU
		{D4DC1B70-5A4C-4015-B7A5-35A6CAC2B8D4}.Debug|iPhoneSimulator.ActiveCfg = Debug|Any CPU
		{D4DC1B70-5A4C-4015-B7A5-35A6CAC2B8D4}.Debug|iPhoneSimulator.Build.0 = Debug|Any CPU
		{D4DC1B70-5A4C-4015-B7A5-35A6CAC2B8D4}.Release|iPhone.ActiveCfg = Release|Any CPU
		{D4DC1B70-5A4C-4015-B7A5-35A6CAC2B8D4}.Release|iPhone.Build.0 = Release|Any CPU
		{D4DC1B70-5A4C-4015-B7A5-35A6CAC2B8D4}.Release|iPhoneSimulator.ActiveCfg = Release|Any CPU
		{D4DC1B70-5A4C-4015-B7A5-35A6CAC2B8D4}.Release|iPhoneSimulator.Build.0 = Release|Any CPU
		{D4DC1B70-5A4C-4015-B7A5-35A6CAC2B8D4}.Debug|iPhone.ActiveCfg = Debug|Any CPU
		{D4DC1B70-5A4C-4015-B7A5-35A6CAC2B8D4}.Debug|iPhone.Build.0 = Debug|Any CPU
		{FE38DDEF-7EB3-4842-A1DC-0EC87E994412}.Debug|Any CPU.ActiveCfg = Debug|Any CPU
		{FE38DDEF-7EB3-4842-A1DC-0EC87E994412}.Debug|Any CPU.Build.0 = Debug|Any CPU
		{FE38DDEF-7EB3-4842-A1DC-0EC87E994412}.Release|Any CPU.ActiveCfg = Release|Any CPU
		{FE38DDEF-7EB3-4842-A1DC-0EC87E994412}.Release|Any CPU.Build.0 = Release|Any CPU
		{FE38DDEF-7EB3-4842-A1DC-0EC87E994412}.Debug|iPhoneSimulator.ActiveCfg = Debug|Any CPU
		{FE38DDEF-7EB3-4842-A1DC-0EC87E994412}.Debug|iPhoneSimulator.Build.0 = Debug|Any CPU
		{FE38DDEF-7EB3-4842-A1DC-0EC87E994412}.Release|iPhone.ActiveCfg = Release|Any CPU
		{FE38DDEF-7EB3-4842-A1DC-0EC87E994412}.Release|iPhone.Build.0 = Release|Any CPU
		{FE38DDEF-7EB3-4842-A1DC-0EC87E994412}.Release|iPhoneSimulator.ActiveCfg = Release|Any CPU
		{FE38DDEF-7EB3-4842-A1DC-0EC87E994412}.Release|iPhoneSimulator.Build.0 = Release|Any CPU
		{FE38DDEF-7EB3-4842-A1DC-0EC87E994412}.Debug|iPhone.ActiveCfg = Debug|Any CPU
		{FE38DDEF-7EB3-4842-A1DC-0EC87E994412}.Debug|iPhone.Build.0 = Debug|Any CPU
		{C510B0BD-A36B-4379-8EF6-B196025391F7}.Debug|Any CPU.ActiveCfg = Debug|iPhoneSimulator
		{C510B0BD-A36B-4379-8EF6-B196025391F7}.Debug|Any CPU.Build.0 = Debug|iPhoneSimulator
		{C510B0BD-A36B-4379-8EF6-B196025391F7}.Release|Any CPU.ActiveCfg = Release|iPhone
		{C510B0BD-A36B-4379-8EF6-B196025391F7}.Release|Any CPU.Build.0 = Release|iPhone
		{C510B0BD-A36B-4379-8EF6-B196025391F7}.Debug|iPhoneSimulator.ActiveCfg = Debug|iPhoneSimulator
		{C510B0BD-A36B-4379-8EF6-B196025391F7}.Debug|iPhoneSimulator.Build.0 = Debug|iPhoneSimulator
		{C510B0BD-A36B-4379-8EF6-B196025391F7}.Release|iPhone.ActiveCfg = Release|iPhone
		{C510B0BD-A36B-4379-8EF6-B196025391F7}.Release|iPhone.Build.0 = Release|iPhone
		{C510B0BD-A36B-4379-8EF6-B196025391F7}.Release|iPhoneSimulator.ActiveCfg = Release|iPhoneSimulator
		{C510B0BD-A36B-4379-8EF6-B196025391F7}.Release|iPhoneSimulator.Build.0 = Release|iPhoneSimulator
		{C510B0BD-A36B-4379-8EF6-B196025391F7}.Debug|iPhone.ActiveCfg = Debug|iPhone
		{C510B0BD-A36B-4379-8EF6-B196025391F7}.Debug|iPhone.Build.0 = Debug|iPhone
		{757DDB0E-22E2-4957-8BC8-E4185FD589EA}.Debug|Any CPU.ActiveCfg = Debug|Any CPU
		{757DDB0E-22E2-4957-8BC8-E4185FD589EA}.Debug|Any CPU.Build.0 = Debug|Any CPU
		{757DDB0E-22E2-4957-8BC8-E4185FD589EA}.Release|Any CPU.ActiveCfg = Release|Any CPU
		{757DDB0E-22E2-4957-8BC8-E4185FD589EA}.Release|Any CPU.Build.0 = Release|Any CPU
		{757DDB0E-22E2-4957-8BC8-E4185FD589EA}.Debug|iPhoneSimulator.ActiveCfg = Debug|Any CPU
		{757DDB0E-22E2-4957-8BC8-E4185FD589EA}.Debug|iPhoneSimulator.Build.0 = Debug|Any CPU
		{757DDB0E-22E2-4957-8BC8-E4185FD589EA}.Release|iPhone.ActiveCfg = Release|Any CPU
		{757DDB0E-22E2-4957-8BC8-E4185FD589EA}.Release|iPhone.Build.0 = Release|Any CPU
		{757DDB0E-22E2-4957-8BC8-E4185FD589EA}.Release|iPhoneSimulator.ActiveCfg = Release|Any CPU
		{757DDB0E-22E2-4957-8BC8-E4185FD589EA}.Release|iPhoneSimulator.Build.0 = Release|Any CPU
		{757DDB0E-22E2-4957-8BC8-E4185FD589EA}.Debug|iPhone.ActiveCfg = Debug|Any CPU
		{757DDB0E-22E2-4957-8BC8-E4185FD589EA}.Debug|iPhone.Build.0 = Debug|Any CPU
		{AA8A8150-3C21-45E3-882B-174E6CA0A031}.Debug|Any CPU.ActiveCfg = Debug|Any CPU
		{AA8A8150-3C21-45E3-882B-174E6CA0A031}.Debug|Any CPU.Build.0 = Debug|Any CPU
		{AA8A8150-3C21-45E3-882B-174E6CA0A031}.Release|Any CPU.ActiveCfg = Release|Any CPU
		{AA8A8150-3C21-45E3-882B-174E6CA0A031}.Release|Any CPU.Build.0 = Release|Any CPU
		{AA8A8150-3C21-45E3-882B-174E6CA0A031}.Debug|iPhoneSimulator.ActiveCfg = Debug|Any CPU
		{AA8A8150-3C21-45E3-882B-174E6CA0A031}.Debug|iPhoneSimulator.Build.0 = Debug|Any CPU
		{AA8A8150-3C21-45E3-882B-174E6CA0A031}.Release|iPhone.ActiveCfg = Release|Any CPU
		{AA8A8150-3C21-45E3-882B-174E6CA0A031}.Release|iPhone.Build.0 = Release|Any CPU
		{AA8A8150-3C21-45E3-882B-174E6CA0A031}.Release|iPhoneSimulator.ActiveCfg = Release|Any CPU
		{AA8A8150-3C21-45E3-882B-174E6CA0A031}.Release|iPhoneSimulator.Build.0 = Release|Any CPU
		{AA8A8150-3C21-45E3-882B-174E6CA0A031}.Debug|iPhone.ActiveCfg = Debug|Any CPU
		{AA8A8150-3C21-45E3-882B-174E6CA0A031}.Debug|iPhone.Build.0 = Debug|Any CPU
		{8FE9E878-F128-4000-9D1E-40B4290F39C5}.Debug|Any CPU.ActiveCfg = Debug|Any CPU
		{8FE9E878-F128-4000-9D1E-40B4290F39C5}.Debug|Any CPU.Build.0 = Debug|Any CPU
		{8FE9E878-F128-4000-9D1E-40B4290F39C5}.Release|Any CPU.ActiveCfg = Release|Any CPU
		{8FE9E878-F128-4000-9D1E-40B4290F39C5}.Release|Any CPU.Build.0 = Release|Any CPU
		{8FE9E878-F128-4000-9D1E-40B4290F39C5}.Debug|iPhoneSimulator.ActiveCfg = Debug|Any CPU
		{8FE9E878-F128-4000-9D1E-40B4290F39C5}.Debug|iPhoneSimulator.Build.0 = Debug|Any CPU
		{8FE9E878-F128-4000-9D1E-40B4290F39C5}.Release|iPhone.ActiveCfg = Release|Any CPU
		{8FE9E878-F128-4000-9D1E-40B4290F39C5}.Release|iPhone.Build.0 = Release|Any CPU
		{8FE9E878-F128-4000-9D1E-40B4290F39C5}.Release|iPhoneSimulator.ActiveCfg = Release|Any CPU
		{8FE9E878-F128-4000-9D1E-40B4290F39C5}.Release|iPhoneSimulator.Build.0 = Release|Any CPU
		{8FE9E878-F128-4000-9D1E-40B4290F39C5}.Debug|iPhone.ActiveCfg = Debug|Any CPU
		{8FE9E878-F128-4000-9D1E-40B4290F39C5}.Debug|iPhone.Build.0 = Debug|Any CPU
		{9A15029B-2D23-4CDA-9DB4-AF50AF4EAE40}.Debug|Any CPU.ActiveCfg = Debug|Any CPU
		{9A15029B-2D23-4CDA-9DB4-AF50AF4EAE40}.Debug|Any CPU.Build.0 = Debug|Any CPU
		{9A15029B-2D23-4CDA-9DB4-AF50AF4EAE40}.Release|Any CPU.ActiveCfg = Release|Any CPU
		{9A15029B-2D23-4CDA-9DB4-AF50AF4EAE40}.Release|Any CPU.Build.0 = Release|Any CPU
		{9A15029B-2D23-4CDA-9DB4-AF50AF4EAE40}.Debug|iPhoneSimulator.ActiveCfg = Debug|Any CPU
		{9A15029B-2D23-4CDA-9DB4-AF50AF4EAE40}.Debug|iPhoneSimulator.Build.0 = Debug|Any CPU
		{9A15029B-2D23-4CDA-9DB4-AF50AF4EAE40}.Release|iPhone.ActiveCfg = Release|Any CPU
		{9A15029B-2D23-4CDA-9DB4-AF50AF4EAE40}.Release|iPhone.Build.0 = Release|Any CPU
		{9A15029B-2D23-4CDA-9DB4-AF50AF4EAE40}.Release|iPhoneSimulator.ActiveCfg = Release|Any CPU
		{9A15029B-2D23-4CDA-9DB4-AF50AF4EAE40}.Release|iPhoneSimulator.Build.0 = Release|Any CPU
		{9A15029B-2D23-4CDA-9DB4-AF50AF4EAE40}.Debug|iPhone.ActiveCfg = Debug|Any CPU
		{9A15029B-2D23-4CDA-9DB4-AF50AF4EAE40}.Debug|iPhone.Build.0 = Debug|Any CPU
	EndGlobalSection
	GlobalSection(SolutionProperties) = preSolution
		HideSolutionNode = FALSE
	EndGlobalSection
	GlobalSection(MonoDevelopProperties) = preSolution
		Policies = $0
		$0.DotNetNamingPolicy = $1
		$1.DirectoryNamespaceAssociation = PrefixedHierarchical
		$0.TextStylePolicy = $2
		$2.inheritsSet = null
		$2.scope = text/x-csharp
		$0.CSharpFormattingPolicy = $3
		$3.scope = text/x-csharp
	EndGlobalSection
	GlobalSection(NestedProjects) = preSolution
		{2E105A5E-92E1-4466-9427-49E48FA16C52} = {AFD78297-A3F9-456A-A7AB-BA7E9E5D589F}
		{0C1FDAE9-3645-435C-9889-301E18823F69} = {A04A0E2A-A55B-4480-848D-18DCF52E4ADE}
		{E985F3CD-24B9-4586-8A64-8A0EC889D7F7} = {A04A0E2A-A55B-4480-848D-18DCF52E4ADE}
		{F4DCAC05-69A0-4224-A6AD-46A5F93583CF} = {956922D6-915F-4946-B8B9-91F8640739FF}
		{407F355E-2476-4DF9-A086-2AE026C5DB2B} = {C74D4F78-A609-44BA-BDB1-265A8F2AAAC2}
		{69FCECDF-4AB5-4EC3-B7B7-7F7CBA82BA2A} = {BE02D0D5-F5F3-4923-A406-7BA60E456E6A}
		{72026965-E4D6-48FF-B0B7-8C33A0C18CE2} = {C74D4F78-A609-44BA-BDB1-265A8F2AAAC2}
		{582E62AA-646B-49BB-9D94-5DDE9ED1A773} = {956922D6-915F-4946-B8B9-91F8640739FF}
		{A5D9E8BE-5F5B-435A-B291-835089996388} = {C74D4F78-A609-44BA-BDB1-265A8F2AAAC2}
		{330ED4A9-9213-4C10-BAC5-1768DE12F9E2} = {956922D6-915F-4946-B8B9-91F8640739FF}
		{D4DC1B70-5A4C-4015-B7A5-35A6CAC2B8D4} = {A04A0E2A-A55B-4480-848D-18DCF52E4ADE}
		{8F11D3DD-0BDB-4991-81E2-AF6A11B07EE6} = {AFD78297-A3F9-456A-A7AB-BA7E9E5D589F}
		{FE38DDEF-7EB3-4842-A1DC-0EC87E994412} = {24D9D363-8D58-4FF0-92E6-1B99457908D2}
		{53D708E5-66AC-459B-9786-C2F1211B63D0} = {AFD78297-A3F9-456A-A7AB-BA7E9E5D589F}
		{C510B0BD-A36B-4379-8EF6-B196025391F7} = {AFD78297-A3F9-456A-A7AB-BA7E9E5D589F}
		{757DDB0E-22E2-4957-8BC8-E4185FD589EA} = {AFD78297-A3F9-456A-A7AB-BA7E9E5D589F}
		{AA8A8150-3C21-45E3-882B-174E6CA0A031} = {AFD78297-A3F9-456A-A7AB-BA7E9E5D589F}
		{8FE9E878-F128-4000-9D1E-40B4290F39C5} = {BE02D0D5-F5F3-4923-A406-7BA60E456E6A}
		{9A15029B-2D23-4CDA-9DB4-AF50AF4EAE40} = {AFD78297-A3F9-456A-A7AB-BA7E9E5D589F}
	EndGlobalSection
EndGlobal
